// !$*UTF8*$!
{
	archiveVersion = 1;
	classes = {
	};
	objectVersion = 55;
	objects = {

/* Begin PBXBuildFile section */
		00F2386EE8D6B3BD232D0A9E /* Pods_AlamofireTest.framework in Frameworks */ = {isa = PBXBuildFile; fileRef = 421AE39EA262EACA466D58D6 /* Pods_AlamofireTest.framework */; };
		02B0CF5428C76CDC00D3D7DE /* Response.swift in Sources */ = {isa = PBXBuildFile; fileRef = 02B0CF5328C76CDC00D3D7DE /* Response.swift */; };
		02B0CF5628C7709500D3D7DE /* Photo.swift in Sources */ = {isa = PBXBuildFile; fileRef = 02B0CF5528C7709500D3D7DE /* Photo.swift */; };
		02B0CF5B28C7720C00D3D7DE /* PhotosTableViewCell.swift in Sources */ = {isa = PBXBuildFile; fileRef = 02B0CF5928C7720C00D3D7DE /* PhotosTableViewCell.swift */; };
		02B0CF5C28C7720C00D3D7DE /* PhotosTableViewCell.xib in Resources */ = {isa = PBXBuildFile; fileRef = 02B0CF5A28C7720C00D3D7DE /* PhotosTableViewCell.xib */; };
		02B0CF5E28C78B4800D3D7DE /* UIImageViewExtension.swift in Sources */ = {isa = PBXBuildFile; fileRef = 02B0CF5D28C78B4800D3D7DE /* UIImageViewExtension.swift */; };
		02DAB42528C75CAF00853D33 /* AppDelegate.swift in Sources */ = {isa = PBXBuildFile; fileRef = 02DAB42428C75CAF00853D33 /* AppDelegate.swift */; };
		02DAB42728C75CAF00853D33 /* SceneDelegate.swift in Sources */ = {isa = PBXBuildFile; fileRef = 02DAB42628C75CAF00853D33 /* SceneDelegate.swift */; };
		02DAB42928C75CAF00853D33 /* ViewController.swift in Sources */ = {isa = PBXBuildFile; fileRef = 02DAB42828C75CAF00853D33 /* ViewController.swift */; };
		02DAB42C28C75CAF00853D33 /* Main.storyboard in Resources */ = {isa = PBXBuildFile; fileRef = 02DAB42A28C75CAF00853D33 /* Main.storyboard */; };
		02DAB42E28C75CB400853D33 /* Assets.xcassets in Resources */ = {isa = PBXBuildFile; fileRef = 02DAB42D28C75CB400853D33 /* Assets.xcassets */; };
		02DAB43128C75CB400853D33 /* LaunchScreen.storyboard in Resources */ = {isa = PBXBuildFile; fileRef = 02DAB42F28C75CB400853D33 /* LaunchScreen.storyboard */; };
/* End PBXBuildFile section */

/* Begin PBXFileReference section */
		02B0CF5328C76CDC00D3D7DE /* Response.swift */ = {isa = PBXFileReference; lastKnownFileType = sourcecode.swift; path = Response.swift; sourceTree = "<group>"; };
		02B0CF5528C7709500D3D7DE /* Photo.swift */ = {isa = PBXFileReference; lastKnownFileType = sourcecode.swift; path = Photo.swift; sourceTree = "<group>"; };
		02B0CF5928C7720C00D3D7DE /* PhotosTableViewCell.swift */ = {isa = PBXFileReference; lastKnownFileType = sourcecode.swift; path = PhotosTableViewCell.swift; sourceTree = "<group>"; };
		02B0CF5A28C7720C00D3D7DE /* PhotosTableViewCell.xib */ = {isa = PBXFileReference; lastKnownFileType = file.xib; path = PhotosTableViewCell.xib; sourceTree = "<group>"; };
		02B0CF5D28C78B4800D3D7DE /* UIImageViewExtension.swift */ = {isa = PBXFileReference; lastKnownFileType = sourcecode.swift; path = UIImageViewExtension.swift; sourceTree = "<group>"; };
		02DAB42128C75CAF00853D33 /* AlamofireTest.app */ = {isa = PBXFileReference; explicitFileType = wrapper.application; includeInIndex = 0; path = AlamofireTest.app; sourceTree = BUILT_PRODUCTS_DIR; };
		02DAB42428C75CAF00853D33 /* AppDelegate.swift */ = {isa = PBXFileReference; lastKnownFileType = sourcecode.swift; path = AppDelegate.swift; sourceTree = "<group>"; };
		02DAB42628C75CAF00853D33 /* SceneDelegate.swift */ = {isa = PBXFileReference; lastKnownFileType = sourcecode.swift; path = SceneDelegate.swift; sourceTree = "<group>"; };
		02DAB42828C75CAF00853D33 /* ViewController.swift */ = {isa = PBXFileReference; lastKnownFileType = sourcecode.swift; path = ViewController.swift; sourceTree = "<group>"; };
		02DAB42B28C75CAF00853D33 /* Base */ = {isa = PBXFileReference; lastKnownFileType = file.storyboard; name = Base; path = Base.lproj/Main.storyboard; sourceTree = "<group>"; };
		02DAB42D28C75CB400853D33 /* Assets.xcassets */ = {isa = PBXFileReference; lastKnownFileType = folder.assetcatalog; path = Assets.xcassets; sourceTree = "<group>"; };
		02DAB43028C75CB400853D33 /* Base */ = {isa = PBXFileReference; lastKnownFileType = file.storyboard; name = Base; path = Base.lproj/LaunchScreen.storyboard; sourceTree = "<group>"; };
		02DAB43228C75CB400853D33 /* Info.plist */ = {isa = PBXFileReference; lastKnownFileType = text.plist.xml; path = Info.plist; sourceTree = "<group>"; };
		421AE39EA262EACA466D58D6 /* Pods_AlamofireTest.framework */ = {isa = PBXFileReference; explicitFileType = wrapper.framework; includeInIndex = 0; path = Pods_AlamofireTest.framework; sourceTree = BUILT_PRODUCTS_DIR; };
		54575A9137D4EEA164A2D8AD /* Pods-AlamofireTest.release.xcconfig */ = {isa = PBXFileReference; includeInIndex = 1; lastKnownFileType = text.xcconfig; name = "Pods-AlamofireTest.release.xcconfig"; path = "Target Support Files/Pods-AlamofireTest/Pods-AlamofireTest.release.xcconfig"; sourceTree = "<group>"; };
		F7920285BEFC35A826404C73 /* Pods-AlamofireTest.debug.xcconfig */ = {isa = PBXFileReference; includeInIndex = 1; lastKnownFileType = text.xcconfig; name = "Pods-AlamofireTest.debug.xcconfig"; path = "Target Support Files/Pods-AlamofireTest/Pods-AlamofireTest.debug.xcconfig"; sourceTree = "<group>"; };
/* End PBXFileReference section */

/* Begin PBXFrameworksBuildPhase section */
		02DAB41E28C75CAF00853D33 /* Frameworks */ = {
			isa = PBXFrameworksBuildPhase;
			buildActionMask = 2147483647;
			files = (
				00F2386EE8D6B3BD232D0A9E /* Pods_AlamofireTest.framework in Frameworks */,
			);
			runOnlyForDeploymentPostprocessing = 0;
		};
/* End PBXFrameworksBuildPhase section */

/* Begin PBXGroup section */
		00BA9D0F19F48838EBB1F31D /* Pods */ = {
			isa = PBXGroup;
			children = (
				F7920285BEFC35A826404C73 /* Pods-AlamofireTest.debug.xcconfig */,
				54575A9137D4EEA164A2D8AD /* Pods-AlamofireTest.release.xcconfig */,
			);
			path = Pods;
			sourceTree = "<group>";
		};
		02DAB41828C75CAF00853D33 = {
			isa = PBXGroup;
			children = (
				02DAB42328C75CAF00853D33 /* AlamofireTest */,
				02DAB42228C75CAF00853D33 /* Products */,
				00BA9D0F19F48838EBB1F31D /* Pods */,
				B38C269CDC10E2F2CC97EF37 /* Frameworks */,
			);
			sourceTree = "<group>";
		};
		02DAB42228C75CAF00853D33 /* Products */ = {
			isa = PBXGroup;
			children = (
				02DAB42128C75CAF00853D33 /* AlamofireTest.app */,
			);
			name = Products;
			sourceTree = "<group>";
		};
		02DAB42328C75CAF00853D33 /* AlamofireTest */ = {
			isa = PBXGroup;
			children = (
				02DAB42428C75CAF00853D33 /* AppDelegate.swift */,
				02DAB42628C75CAF00853D33 /* SceneDelegate.swift */,
				02DAB42828C75CAF00853D33 /* ViewController.swift */,
				02DAB42A28C75CAF00853D33 /* Main.storyboard */,
				02DAB42D28C75CB400853D33 /* Assets.xcassets */,
				02DAB42F28C75CB400853D33 /* LaunchScreen.storyboard */,
				02DAB43228C75CB400853D33 /* Info.plist */,
				02B0CF5328C76CDC00D3D7DE /* Response.swift */,
				02B0CF5528C7709500D3D7DE /* Photo.swift */,
				02B0CF5928C7720C00D3D7DE /* PhotosTableViewCell.swift */,
				02B0CF5A28C7720C00D3D7DE /* PhotosTableViewCell.xib */,
				02B0CF5D28C78B4800D3D7DE /* UIImageViewExtension.swift */,
			);
			path = AlamofireTest;
			sourceTree = "<group>";
		};
		B38C269CDC10E2F2CC97EF37 /* Frameworks */ = {
			isa = PBXGroup;
			children = (
				421AE39EA262EACA466D58D6 /* Pods_AlamofireTest.framework */,
			);
			name = Frameworks;
			sourceTree = "<group>";
		};
/* End PBXGroup section */

/* Begin PBXNativeTarget section */
		02DAB42028C75CAF00853D33 /* AlamofireTest */ = {
			isa = PBXNativeTarget;
			buildConfigurationList = 02DAB43528C75CB400853D33 /* Build configuration list for PBXNativeTarget "AlamofireTest" */;
			buildPhases = (
				168C0FE5758DF4BC50E3E0EF /* [CP] Check Pods Manifest.lock */,
				02DAB41D28C75CAF00853D33 /* Sources */,
				02DAB41E28C75CAF00853D33 /* Frameworks */,
				02DAB41F28C75CAF00853D33 /* Resources */,
				3F7614A10FAD4D336CA9CDC7 /* [CP] Embed Pods Frameworks */,
			);
			buildRules = (
			);
			dependencies = (
			);
			name = AlamofireTest;
			productName = AlamofireTest;
			productReference = 02DAB42128C75CAF00853D33 /* AlamofireTest.app */;
			productType = "com.apple.product-type.application";
		};
/* End PBXNativeTarget section */

/* Begin PBXProject section */
		02DAB41928C75CAF00853D33 /* Project object */ = {
			isa = PBXProject;
			attributes = {
				BuildIndependentTargetsInParallel = 1;
				LastSwiftUpdateCheck = 1330;
				LastUpgradeCheck = 1330;
				TargetAttributes = {
					02DAB42028C75CAF00853D33 = {
						CreatedOnToolsVersion = 13.3;
					};
				};
			};
			buildConfigurationList = 02DAB41C28C75CAF00853D33 /* Build configuration list for PBXProject "AlamofireTest" */;
			compatibilityVersion = "Xcode 13.0";
			developmentRegion = en;
			hasScannedForEncodings = 0;
			knownRegions = (
				en,
				Base,
			);
			mainGroup = 02DAB41828C75CAF00853D33;
			productRefGroup = 02DAB42228C75CAF00853D33 /* Products */;
			projectDirPath = "";
			projectRoot = "";
			targets = (
				02DAB42028C75CAF00853D33 /* AlamofireTest */,
			);
		};
/* End PBXProject section */

/* Begin PBXResourcesBuildPhase section */
		02DAB41F28C75CAF00853D33 /* Resources */ = {
			isa = PBXResourcesBuildPhase;
			buildActionMask = 2147483647;
			files = (
				02B0CF5C28C7720C00D3D7DE /* PhotosTableViewCell.xib in Resources */,
				02DAB43128C75CB400853D33 /* LaunchScreen.storyboard in Resources */,
				02DAB42E28C75CB400853D33 /* Assets.xcassets in Resources */,
				02DAB42C28C75CAF00853D33 /* Main.storyboard in Resources */,
			);
			runOnlyForDeploymentPostprocessing = 0;
		};
/* End PBXResourcesBuildPhase section */

/* Begin PBXShellScriptBuildPhase section */
		168C0FE5758DF4BC50E3E0EF /* [CP] Check Pods Manifest.lock */ = {
			isa = PBXShellScriptBuildPhase;
			buildActionMask = 2147483647;
			files = (
			);
			inputFileListPaths = (
			);
			inputPaths = (
				"${PODS_PODFILE_DIR_PATH}/Podfile.lock",
				"${PODS_ROOT}/Manifest.lock",
			);
			name = "[CP] Check Pods Manifest.lock";
			outputFileListPaths = (
			);
			outputPaths = (
				"$(DERIVED_FILE_DIR)/Pods-AlamofireTest-checkManifestLockResult.txt",
			);
			runOnlyForDeploymentPostprocessing = 0;
			shellPath = /bin/sh;
			shellScript = "diff \"${PODS_PODFILE_DIR_PATH}/Podfile.lock\" \"${PODS_ROOT}/Manifest.lock\" > /dev/null\nif [ $? != 0 ] ; then\n    # print error to STDERR\n    echo \"error: The sandbox is not in sync with the Podfile.lock. Run 'pod install' or update your CocoaPods installation.\" >&2\n    exit 1\nfi\n# This output is used by Xcode 'outputs' to avoid re-running this script phase.\necho \"SUCCESS\" > \"${SCRIPT_OUTPUT_FILE_0}\"\n";
			showEnvVarsInLog = 0;
		};
		3F7614A10FAD4D336CA9CDC7 /* [CP] Embed Pods Frameworks */ = {
			isa = PBXShellScriptBuildPhase;
			buildActionMask = 2147483647;
			files = (
			);
			inputFileListPaths = (
				"${PODS_ROOT}/Target Support Files/Pods-AlamofireTest/Pods-AlamofireTest-frameworks-${CONFIGURATION}-input-files.xcfilelist",
			);
			name = "[CP] Embed Pods Frameworks";
			outputFileListPaths = (
				"${PODS_ROOT}/Target Support Files/Pods-AlamofireTest/Pods-AlamofireTest-frameworks-${CONFIGURATION}-output-files.xcfilelist",
			);
			runOnlyForDeploymentPostprocessing = 0;
			shellPath = /bin/sh;
			shellScript = "\"${PODS_ROOT}/Target Support Files/Pods-AlamofireTest/Pods-AlamofireTest-frameworks.sh\"\n";
			showEnvVarsInLog = 0;
		};
/* End PBXShellScriptBuildPhase section */

/* Begin PBXSourcesBuildPhase section */
		02DAB41D28C75CAF00853D33 /* Sources */ = {
			isa = PBXSourcesBuildPhase;
			buildActionMask = 2147483647;
			files = (
				02B0CF5B28C7720C00D3D7DE /* PhotosTableViewCell.swift in Sources */,
				02B0CF5E28C78B4800D3D7DE /* UIImageViewExtension.swift in Sources */,
				02B0CF5428C76CDC00D3D7DE /* Response.swift in Sources */,
				02DAB42928C75CAF00853D33 /* ViewController.swift in Sources */,
				02DAB42528C75CAF00853D33 /* AppDelegate.swift in Sources */,
				02DAB42728C75CAF00853D33 /* SceneDelegate.swift in Sources */,
				02B0CF5628C7709500D3D7DE /* Photo.swift in Sources */,
			);
			runOnlyForDeploymentPostprocessing = 0;
		};
/* End PBXSourcesBuildPhase section */

/* Begin PBXVariantGroup section */
		02DAB42A28C75CAF00853D33 /* Main.storyboard */ = {
			isa = PBXVariantGroup;
			children = (
				02DAB42B28C75CAF00853D33 /* Base */,
			);
			name = Main.storyboard;
			sourceTree = "<group>";
		};
		02DAB42F28C75CB400853D33 /* LaunchScreen.storyboard */ = {
			isa = PBXVariantGroup;
			children = (
				02DAB43028C75CB400853D33 /* Base */,
			);
			name = LaunchScreen.storyboard;
			sourceTree = "<group>";
		};
/* End PBXVariantGroup section */

/* Begin XCBuildConfiguration section */
		02DAB43328C75CB400853D33 /* Debug */ = {
			isa = XCBuildConfiguration;
			buildSettings = {
				ALWAYS_SEARCH_USER_PATHS = NO;
				CLANG_ANALYZER_NONNULL = YES;
				CLANG_ANALYZER_NUMBER_OBJECT_CONVERSION = YES_AGGRESSIVE;
				CLANG_CXX_LANGUAGE_STANDARD = "gnu++17";
				CLANG_ENABLE_MODULES = YES;
				CLANG_ENABLE_OBJC_ARC = YES;
				CLANG_ENABLE_OBJC_WEAK = YES;
				CLANG_WARN_BLOCK_CAPTURE_AUTORELEASING = YES;
				CLANG_WARN_BOOL_CONVERSION = YES;
				CLANG_WARN_COMMA = YES;
				CLANG_WARN_CONSTANT_CONVERSION = YES;
				CLANG_WARN_DEPRECATED_OBJC_IMPLEMENTATIONS = YES;
				CLANG_WARN_DIRECT_OBJC_ISA_USAGE = YES_ERROR;
				CLANG_WARN_DOCUMENTATION_COMMENTS = YES;
				CLANG_WARN_EMPTY_BODY = YES;
				CLANG_WARN_ENUM_CONVERSION = YES;
				CLANG_WARN_INFINITE_RECURSION = YES;
				CLANG_WARN_INT_CONVERSION = YES;
				CLANG_WARN_NON_LITERAL_NULL_CONVERSION = YES;
				CLANG_WARN_OBJC_IMPLICIT_RETAIN_SELF = YES;
				CLANG_WARN_OBJC_LITERAL_CONVERSION = YES;
				CLANG_WARN_OBJC_ROOT_CLASS = YES_ERROR;
				CLANG_WARN_QUOTED_INCLUDE_IN_FRAMEWORK_HEADER = YES;
				CLANG_WARN_RANGE_LOOP_ANALYSIS = YES;
				CLANG_WARN_STRICT_PROTOTYPES = YES;
				CLANG_WARN_SUSPICIOUS_MOVE = YES;
				CLANG_WARN_UNGUARDED_AVAILABILITY = YES_AGGRESSIVE;
				CLANG_WARN_UNREACHABLE_CODE = YES;
				CLANG_WARN__DUPLICATE_METHOD_MATCH = YES;
				COPY_PHASE_STRIP = NO;
				DEBUG_INFORMATION_FORMAT = dwarf;
				ENABLE_STRICT_OBJC_MSGSEND = YES;
				ENABLE_TESTABILITY = YES;
				GCC_C_LANGUAGE_STANDARD = gnu11;
				GCC_DYNAMIC_NO_PIC = NO;
				GCC_NO_COMMON_BLOCKS = YES;
				GCC_OPTIMIZATION_LEVEL = 0;
				GCC_PREPROCESSOR_DEFINITIONS = (
					"DEBUG=1",
					"$(inherited)",
				);
				GCC_WARN_64_TO_32_BIT_CONVERSION = YES;
				GCC_WARN_ABOUT_RETURN_TYPE = YES_ERROR;
				GCC_WARN_UNDECLARED_SELECTOR = YES;
				GCC_WARN_UNINITIALIZED_AUTOS = YES_AGGRESSIVE;
				GCC_WARN_UNUSED_FUNCTION = YES;
				GCC_WARN_UNUSED_VARIABLE = YES;
				IPHONEOS_DEPLOYMENT_TARGET = 15.4;
				MTL_ENABLE_DEBUG_INFO = INCLUDE_SOURCE;
				MTL_FAST_MATH = YES;
				ONLY_ACTIVE_ARCH = YES;
				SDKROOT = iphoneos;
				SWIFT_ACTIVE_COMPILATION_CONDITIONS = DEBUG;
				SWIFT_OPTIMIZATION_LEVEL = "-Onone";
			};
			name = Debug;
		};
		02DAB43428C75CB400853D33 /* Release */ = {
			isa = XCBuildConfiguration;
			buildSettings = {
				ALWAYS_SEARCH_USER_PATHS = NO;
				CLANG_ANALYZER_NONNULL = YES;
				CLANG_ANALYZER_NUMBER_OBJECT_CONVERSION = YES_AGGRESSIVE;
				CLANG_CXX_LANGUAGE_STANDARD = "gnu++17";
				CLANG_ENABLE_MODULES = YES;
				CLANG_ENABLE_OBJC_ARC = YES;
				CLANG_ENABLE_OBJC_WEAK = YES;
				CLANG_WARN_BLOCK_CAPTURE_AUTORELEASING = YES;
				CLANG_WARN_BOOL_CONVERSION = YES;
				CLANG_WARN_COMMA = YES;
				CLANG_WARN_CONSTANT_CONVERSION = YES;
				CLANG_WARN_DEPRECATED_OBJC_IMPLEMENTATIONS = YES;
				CLANG_WARN_DIRECT_OBJC_ISA_USAGE = YES_ERROR;
				CLANG_WARN_DOCUMENTATION_COMMENTS = YES;
				CLANG_WARN_EMPTY_BODY = YES;
				CLANG_WARN_ENUM_CONVERSION = YES;
				CLANG_WARN_INFINITE_RECURSION = YES;
				CLANG_WARN_INT_CONVERSION = YES;
				CLANG_WARN_NON_LITERAL_NULL_CONVERSION = YES;
				CLANG_WARN_OBJC_IMPLICIT_RETAIN_SELF = YES;
				CLANG_WARN_OBJC_LITERAL_CONVERSION = YES;
				CLANG_WARN_OBJC_ROOT_CLASS = YES_ERROR;
				CLANG_WARN_QUOTED_INCLUDE_IN_FRAMEWORK_HEADER = YES;
				CLANG_WARN_RANGE_LOOP_ANALYSIS = YES;
				CLANG_WARN_STRICT_PROTOTYPES = YES;
				CLANG_WARN_SUSPICIOUS_MOVE = YES;
				CLANG_WARN_UNGUARDED_AVAILABILITY = YES_AGGRESSIVE;
				CLANG_WARN_UNREACHABLE_CODE = YES;
				CLANG_WARN__DUPLICATE_METHOD_MATCH = YES;
				COPY_PHASE_STRIP = NO;
				DEBUG_INFORMATION_FORMAT = "dwarf-with-dsym";
				ENABLE_NS_ASSERTIONS = NO;
				ENABLE_STRICT_OBJC_MSGSEND = YES;
				GCC_C_LANGUAGE_STANDARD = gnu11;
				GCC_NO_COMMON_BLOCKS = YES;
				GCC_WARN_64_TO_32_BIT_CONVERSION = YES;
				GCC_WARN_ABOUT_RETURN_TYPE = YES_ERROR;
				GCC_WARN_UNDECLARED_SELECTOR = YES;
				GCC_WARN_UNINITIALIZED_AUTOS = YES_AGGRESSIVE;
				GCC_WARN_UNUSED_FUNCTION = YES;
				GCC_WARN_UNUSED_VARIABLE = YES;
				IPHONEOS_DEPLOYMENT_TARGET = 15.4;
				MTL_ENABLE_DEBUG_INFO = NO;
				MTL_FAST_MATH = YES;
				SDKROOT = iphoneos;
				SWIFT_COMPILATION_MODE = wholemodule;
				SWIFT_OPTIMIZATION_LEVEL = "-O";
				VALIDATE_PRODUCT = YES;
			};
			name = Release;
		};
		02DAB43628C75CB400853D33 /* Debug */ = {
			isa = XCBuildConfiguration;
			baseConfigurationReference = F7920285BEFC35A826404C73 /* Pods-AlamofireTest.debug.xcconfig */;
			buildSettings = {
				ASSETCATALOG_COMPILER_APPICON_NAME = AppIcon;
				ASSETCATALOG_COMPILER_GLOBAL_ACCENT_COLOR_NAME = AccentColor;
				CODE_SIGN_STYLE = Automatic;
				CURRENT_PROJECT_VERSION = 1;
				GENERATE_INFOPLIST_FILE = YES;
				INFOPLIST_FILE = AlamofireTest/Info.plist;
				INFOPLIST_KEY_UIApplicationSupportsIndirectInputEvents = YES;
				INFOPLIST_KEY_UILaunchStoryboardName = LaunchScreen;
				INFOPLIST_KEY_UIMainStoryboardFile = Main;
				INFOPLIST_KEY_UISupportedInterfaceOrientations_iPad = "UIInterfaceOrientationPortrait UIInterfaceOrientationPortraitUpsideDown UIInterfaceOrientationLandscapeLeft UIInterfaceOrientationLandscapeRight";
				INFOPLIST_KEY_UISupportedInterfaceOrientations_iPhone = "UIInterfaceOrientationPortrait UIInterfaceOrientationLandscapeLeft UIInterfaceOrientationLandscapeRight";
				LD_RUNPATH_SEARCH_PATHS = (
					"$(inherited)",
					"@executable_path/Frameworks",
				);
				MARKETING_VERSION = 1.0;
				PRODUCT_BUNDLE_IDENTIFIER = "Emcan-Solutions.AlamofireTest";
				PRODUCT_NAME = "$(TARGET_NAME)";
				SWIFT_EMIT_LOC_STRINGS = YES;
				SWIFT_VERSION = 5.0;
				TARGETED_DEVICE_FAMILY = "1,2";
			};
			name = Debug;
		};
		02DAB43728C75CB400853D33 /* Release */ = {
			isa = XCBuildConfiguration;
			baseConfigurationReference = 54575A9137D4EEA164A2D8AD /* Pods-AlamofireTest.release.xcconfig */;
			buildSettings = {
				ASSETCATALOG_COMPILER_APPICON_NAME = AppIcon;
				ASSETCATALOG_COMPILER_GLOBAL_ACCENT_COLOR_NAME = AccentColor;
				CODE_SIGN_STYLE = Automatic;
				CURRENT_PROJECT_VERSION = 1;
				GENERATE_INFOPLIST_FILE = YES;
				INFOPLIST_FILE = AlamofireTest/Info.plist;
				INFOPLIST_KEY_UIApplicationSupportsIndirectInputEvents = YES;
				INFOPLIST_KEY_UILaunchStoryboardName = LaunchScreen;
				INFOPLIST_KEY_UIMainStoryboardFile = Main;
				INFOPLIST_KEY_UISupportedInterfaceOrientations_iPad = "UIInterfaceOrientationPortrait UIInterfaceOrientationPortraitUpsideDown UIInterfaceOrientationLandscapeLeft UIInterfaceOrientationLandscapeRight";
				INFOPLIST_KEY_UISupportedInterfaceOrientations_iPhone = "UIInterfaceOrientationPortrait UIInterfaceOrientationLandscapeLeft UIInterfaceOrientationLandscapeRight";
				LD_RUNPATH_SEARCH_PATHS = (
					"$(inherited)",
					"@executable_path/Frameworks",
				);
				MARKETING_VERSION = 1.0;
				PRODUCT_BUNDLE_IDENTIFIER = "Emcan-Solutions.AlamofireTest";
				PRODUCT_NAME = "$(TARGET_NAME)";
				SWIFT_EMIT_LOC_STRINGS = YES;
				SWIFT_VERSION = 5.0;
				TARGETED_DEVICE_FAMILY = "1,2";
			};
			name = Release;
		};
/* End XCBuildConfiguration section */

/* Begin XCConfigurationList section */
		02DAB41C28C75CAF00853D33 /* Build configuration list for PBXProject "AlamofireTest" */ = {
			isa = XCConfigurationList;
			buildConfigurations = (
				02DAB43328C75CB400853D33 /* Debug */,
				02DAB43428C75CB400853D33 /* Release */,
			);
			defaultConfigurationIsVisible = 0;
			defaultConfigurationName = Release;
		};
		02DAB43528C75CB400853D33 /* Build configuration list for PBXNativeTarget "AlamofireTest" */ = {
			isa = XCConfigurationList;
			buildConfigurations = (
				02DAB43628C75CB400853D33 /* Debug */,
				02DAB43728C75CB400853D33 /* Release */,
			);
			defaultConfigurationIsVisible = 0;
			defaultConfigurationName = Release;
		};
/* End XCConfigurationList section */
	};
	rootObject = 02DAB41928C75CAF00853D33 /* Project object */;
}
